
Microsoft Visual Studio Solution File, Format Version 12.00
# Visual Studio Version 17
VisualStudioVersion = 17.6.33829.357
MinimumVisualStudioVersion = 10.0.40219.1
Project("{9A19103F-16F7-4668-BE54-9A1E7A4F7556}") = "Game.WebAPI", "WebAPI\Game.WebAPI.csproj", "{77CACC6D-E667-41C2-B001-055EBEEB7506}"
EndProject
Project("{FAE04EC0-301F-11D3-BF4B-00C04F79EFBC}") = "Game.Data", "Game.Data\Game.Data.csproj", "{72AF69DC-EE73-44BE-BBEF-44FA79D41E4D}"
EndProject
Global
	GlobalSection(SolutionConfigurationPlatforms) = preSolution
		Debug|Any CPU = Debug|Any CPU
		Release|Any CPU = Release|Any CPU
	EndGlobalSection
	GlobalSection(ProjectConfigurationPlatforms) = postSolution
		{77CACC6D-E667-41C2-B001-055EBEEB7506}.Debug|Any CPU.ActiveCfg = Debug|Any CPU
		{77CACC6D-E667-41C2-B001-055EBEEB7506}.Debug|Any CPU.Build.0 = Debug|Any CPU
		{77CACC6D-E667-41C2-B001-055EBEEB7506}.Release|Any CPU.ActiveCfg = Release|Any CPU
		{77CACC6D-E667-41C2-B001-055EBEEB7506}.Release|Any CPU.Build.0 = Release|Any CPU
		{72AF69DC-EE73-44BE-BBEF-44FA79D41E4D}.Debug|Any CPU.ActiveCfg = Debug|Any CPU
		{72AF69DC-EE73-44BE-BBEF-44FA79D41E4D}.Debug|Any CPU.Build.0 = Debug|Any CPU
		{72AF69DC-EE73-44BE-BBEF-44FA79D41E4D}.Release|Any CPU.ActiveCfg = Release|Any CPU
		{72AF69DC-EE73-44BE-BBEF-44FA79D41E4D}.Release|Any CPU.Build.0 = Release|Any CPU
	EndGlobalSection
	GlobalSection(SolutionProperties) = preSolution
		HideSolutionNode = FALSE
	EndGlobalSection
	GlobalSection(ExtensibilityGlobals) = postSolution
		SolutionGuid = {A326B1D2-368B-41DE-A95A-C6EEE4B3CB7D}
	EndGlobalSection
EndGlobal
